{
  "name": "trpc",
  "version": "1.0.0",
  "lockfileVersion": 3,
  "requires": true,
  "packages": {
    "": {
      "name": "trpc",
      "version": "1.0.0",
      "license": "ISC",
      "dependencies": {
        "@trpc/client": "^11.0.0-rc.678",
        "@trpc/server": "^11.0.0-rc.678",
        "zod": "^3.24.1"
      }
    },
    "node_modules/@trpc/client": {
      "version": "11.0.0-rc.678",
      "resolved": "https://registry.npmjs.org/@trpc/client/-/client-11.0.0-rc.678.tgz",
      "integrity": "sha512-Y3UawZReKGRDy0AnGlNRhqm8m0Rdp7BAvS4PylsO77Wx5Q775O6mruZGuW02IlFIFqmJCUM2/ykt1h8GaSndbw==",
      "funding": [
        "https://trpc.io/sponsor"
      ],
      "license": "MIT",
      "peerDependencies": {
        "@trpc/server": "11.0.0-rc.678+29a2f0d18",
        "typescript": ">=5.7.2"
      }
    },
    "node_modules/@trpc/server": {
      "version": "11.0.0-rc.678",
      "resolved": "https://registry.npmjs.org/@trpc/server/-/server-11.0.0-rc.678.tgz",
      "integrity": "sha512-q5OEUV4aBfHPoV6uQAlNdkxmq6IizLtnblVs91jAXey3Mxquool05nYxnk8xH4n159e0IOSXEJsQfSZtOYlA5Q==",
      "funding": [
        "https://trpc.io/sponsor"
      ],
      "license": "MIT",
      "peerDependencies": {
        "typescript": ">=5.7.2"
      }
    },
    "node_modules/zod": {
      "version": "3.24.1",
      "resolved": "https://registry.npmjs.org/zod/-/zod-3.24.1.tgz",
      "integrity": "sha512-muH7gBL9sI1nciMZV67X5fTKKBLtwpZ5VBp1vsOQzj1MhrBZ4wlVCm3gedKZWLp0Oyel8sIGfeiz54Su+OVT+A==",
      "license": "MIT",
      "funding": {
        "url": "https://github.com/sponsors/colinhacks"
      }
    }
  }
}
